
Microsoft Visual Studio Solution File, Format Version 12.00
# Visual Studio Version 17
VisualStudioVersion = 17.14.36121.58
MinimumVisualStudioVersion = 10.0.40219.1
Project("{FAE04EC0-301F-11D3-BF4B-00C04F79EFBC}") = "SpaceGame.Console", "SpaceGame.Console\SpaceGame.Console.csproj", "{F2DEB4E9-4A1C-436B-B312-CE1DC85B2BFA}"
EndProject
Project("{FAE04EC0-301F-11D3-BF4B-00C04F79EFBC}") = "SpaceGame.Renderer", "SpaceGame.Renderer\SpaceGame.Renderer.csproj", "{32A6E731-2FBF-440B-8622-C6EF07B9535A}"
EndProject
Project("{FAE04EC0-301F-11D3-BF4B-00C04F79EFBC}") = "SpaceGame.Infrastructure", "SpaceGame.Infrastructure\SpaceGame.Infrastructure.csproj", "{5C9BD14E-5FB1-4ECB-A524-6B24D3F4C8A0}"
EndProject
Project("{FAE04EC0-301F-11D3-BF4B-00C04F79EFBC}") = "SpaceGame.Core", "SpaceGame.Core\SpaceGame.Core.csproj", "{6F6E04E6-2380-43EC-92D7-20976DBF6237}"
EndProject
Project("{FAE04EC0-301F-11D3-BF4B-00C04F79EFBC}") = "SpaceGame.Assets", "SpaceGame.Assets\SpaceGame.Assets.csproj", "{70FC43C6-3136-447E-8E9A-B18685136FFF}"
EndProject
Project("{FAE04EC0-301F-11D3-BF4B-00C04F79EFBC}") = "SpaceGame.SDLWrapper", "SpaceGame.SDLWrapper\SpaceGame.SDLWrapper.csproj", "{663D1FCC-03B8-4BEA-BF6C-1365249051FD}"
EndProject
Project("{FAE04EC0-301F-11D3-BF4B-00C04F79EFBC}") = "SpaceGame.Core2", "SpaceGame.Core2\SpaceGame.Core2.csproj", "{93542A2C-BB41-41BC-B4D8-DB3EAB189279}"
EndProject
Project("{FAE04EC0-301F-11D3-BF4B-00C04F79EFBC}") = "MoonWorks", "submodules\MoonWorks\MoonWorks.csproj", "{066D2849-B5EB-41A2-BD0B-F6036C7A9643}"
EndProject
Project("{FAE04EC0-301F-11D3-BF4B-00C04F79EFBC}") = "MoonWorks.Native", "MoonWorks.Native\MoonWorks.Native.csproj", "{B2EFF509-8C55-4722-9DC8-CAA577A5814E}"
EndProject
Project("{2150E333-8FDC-42A3-9474-1A3956D46DE8}") = "build", "build", "{75E8FC9E-BD5A-49B4-BC8A-BF0745F19E0F}"
	ProjectSection(SolutionItems) = preProject
		justfile = justfile
	EndProjectSection
EndProject
Global
	GlobalSection(SolutionConfigurationPlatforms) = preSolution
		Debug|Any CPU = Debug|Any CPU
		Release|Any CPU = Release|Any CPU
	EndGlobalSection
	GlobalSection(ProjectConfigurationPlatforms) = postSolution
		{F2DEB4E9-4A1C-436B-B312-CE1DC85B2BFA}.Debug|Any CPU.ActiveCfg = Debug|Any CPU
		{F2DEB4E9-4A1C-436B-B312-CE1DC85B2BFA}.Debug|Any CPU.Build.0 = Debug|Any CPU
		{F2DEB4E9-4A1C-436B-B312-CE1DC85B2BFA}.Release|Any CPU.ActiveCfg = Release|Any CPU
		{F2DEB4E9-4A1C-436B-B312-CE1DC85B2BFA}.Release|Any CPU.Build.0 = Release|Any CPU
		{32A6E731-2FBF-440B-8622-C6EF07B9535A}.Debug|Any CPU.ActiveCfg = Debug|Any CPU
		{32A6E731-2FBF-440B-8622-C6EF07B9535A}.Debug|Any CPU.Build.0 = Debug|Any CPU
		{32A6E731-2FBF-440B-8622-C6EF07B9535A}.Release|Any CPU.ActiveCfg = Release|Any CPU
		{32A6E731-2FBF-440B-8622-C6EF07B9535A}.Release|Any CPU.Build.0 = Release|Any CPU
		{5C9BD14E-5FB1-4ECB-A524-6B24D3F4C8A0}.Debug|Any CPU.ActiveCfg = Debug|Any CPU
		{5C9BD14E-5FB1-4ECB-A524-6B24D3F4C8A0}.Debug|Any CPU.Build.0 = Debug|Any CPU
		{5C9BD14E-5FB1-4ECB-A524-6B24D3F4C8A0}.Release|Any CPU.ActiveCfg = Release|Any CPU
		{5C9BD14E-5FB1-4ECB-A524-6B24D3F4C8A0}.Release|Any CPU.Build.0 = Release|Any CPU
		{6F6E04E6-2380-43EC-92D7-20976DBF6237}.Debug|Any CPU.ActiveCfg = Debug|Any CPU
		{6F6E04E6-2380-43EC-92D7-20976DBF6237}.Debug|Any CPU.Build.0 = Debug|Any CPU
		{6F6E04E6-2380-43EC-92D7-20976DBF6237}.Release|Any CPU.ActiveCfg = Release|Any CPU
		{6F6E04E6-2380-43EC-92D7-20976DBF6237}.Release|Any CPU.Build.0 = Release|Any CPU
		{70FC43C6-3136-447E-8E9A-B18685136FFF}.Debug|Any CPU.ActiveCfg = Debug|Any CPU
		{70FC43C6-3136-447E-8E9A-B18685136FFF}.Debug|Any CPU.Build.0 = Debug|Any CPU
		{70FC43C6-3136-447E-8E9A-B18685136FFF}.Release|Any CPU.ActiveCfg = Release|Any CPU
		{70FC43C6-3136-447E-8E9A-B18685136FFF}.Release|Any CPU.Build.0 = Release|Any CPU
		{663D1FCC-03B8-4BEA-BF6C-1365249051FD}.Debug|Any CPU.ActiveCfg = Debug|Any CPU
		{663D1FCC-03B8-4BEA-BF6C-1365249051FD}.Debug|Any CPU.Build.0 = Debug|Any CPU
		{663D1FCC-03B8-4BEA-BF6C-1365249051FD}.Release|Any CPU.ActiveCfg = Release|Any CPU
		{663D1FCC-03B8-4BEA-BF6C-1365249051FD}.Release|Any CPU.Build.0 = Release|Any CPU
		{93542A2C-BB41-41BC-B4D8-DB3EAB189279}.Debug|Any CPU.ActiveCfg = Debug|Any CPU
		{93542A2C-BB41-41BC-B4D8-DB3EAB189279}.Debug|Any CPU.Build.0 = Debug|Any CPU
		{93542A2C-BB41-41BC-B4D8-DB3EAB189279}.Release|Any CPU.ActiveCfg = Release|Any CPU
		{93542A2C-BB41-41BC-B4D8-DB3EAB189279}.Release|Any CPU.Build.0 = Release|Any CPU
		{066D2849-B5EB-41A2-BD0B-F6036C7A9643}.Debug|Any CPU.ActiveCfg = Debug|Any CPU
		{066D2849-B5EB-41A2-BD0B-F6036C7A9643}.Debug|Any CPU.Build.0 = Debug|Any CPU
		{066D2849-B5EB-41A2-BD0B-F6036C7A9643}.Release|Any CPU.ActiveCfg = Release|Any CPU
		{066D2849-B5EB-41A2-BD0B-F6036C7A9643}.Release|Any CPU.Build.0 = Release|Any CPU
		{B2EFF509-8C55-4722-9DC8-CAA577A5814E}.Debug|Any CPU.ActiveCfg = Debug|Any CPU
		{B2EFF509-8C55-4722-9DC8-CAA577A5814E}.Debug|Any CPU.Build.0 = Debug|Any CPU
		{B2EFF509-8C55-4722-9DC8-CAA577A5814E}.Release|Any CPU.ActiveCfg = Release|Any CPU
		{B2EFF509-8C55-4722-9DC8-CAA577A5814E}.Release|Any CPU.Build.0 = Release|Any CPU
	EndGlobalSection
	GlobalSection(SolutionProperties) = preSolution
		HideSolutionNode = FALSE
	EndGlobalSection
	GlobalSection(ExtensibilityGlobals) = postSolution
		SolutionGuid = {23D0AD0E-D1E3-49C9-97A7-54DA321A3A02}
	EndGlobalSection
EndGlobal
